// !$*UTF8*$!
{
	archiveVersion = 1;
	classes = {
	};
	objectVersion = 50;
	objects = {

/* Begin PBXBuildFile section */
		1252F865859185F4F388DD28 /* Pods_EduCalUITests.framework in Frameworks */ = {isa = PBXBuildFile; fileRef = 08113F00361A1C105F4C13B1 /* Pods_EduCalUITests.framework */; };
		3C831EE204C627D098A59C27 /* Pods_EduCal.framework in Frameworks */ = {isa = PBXBuildFile; fileRef = D1B6C2C32373057E09618A29 /* Pods_EduCal.framework */; };
		4A40C61D67BE7E4A37FDA256 /* Pods_EduCalTests.framework in Frameworks */ = {isa = PBXBuildFile; fileRef = F875453CCBD89A553EBED587 /* Pods_EduCalTests.framework */; };
		A21E8F0321AD312C000E5535 /* LoginViewController.swift in Sources */ = {isa = PBXBuildFile; fileRef = A21E8F0221AD312C000E5535 /* LoginViewController.swift */; };
		A21E8F0521AD3143000E5535 /* SignUpViewController.swift in Sources */ = {isa = PBXBuildFile; fileRef = A21E8F0421AD3143000E5535 /* SignUpViewController.swift */; };
		A21E8F0721AD4253000E5535 /* HelpViewController.swift in Sources */ = {isa = PBXBuildFile; fileRef = A21E8F0621AD4253000E5535 /* HelpViewController.swift */; };
		A21E8F0921AD7B30000E5535 /* UserProfile.swift in Sources */ = {isa = PBXBuildFile; fileRef = A21E8F0821AD7B30000E5535 /* UserProfile.swift */; };
		A269573721AD2D3700B241F0 /* AppDelegate.swift in Sources */ = {isa = PBXBuildFile; fileRef = A269573621AD2D3700B241F0 /* AppDelegate.swift */; };
		A269573C21AD2D3700B241F0 /* Main.storyboard in Resources */ = {isa = PBXBuildFile; fileRef = A269573A21AD2D3700B241F0 /* Main.storyboard */; };
		A269573E21AD2D3800B241F0 /* Assets.xcassets in Resources */ = {isa = PBXBuildFile; fileRef = A269573D21AD2D3800B241F0 /* Assets.xcassets */; };
		A269574121AD2D3800B241F0 /* LaunchScreen.storyboard in Resources */ = {isa = PBXBuildFile; fileRef = A269573F21AD2D3800B241F0 /* LaunchScreen.storyboard */; };
		A269574C21AD2D3800B241F0 /* EduCalTests.swift in Sources */ = {isa = PBXBuildFile; fileRef = A269574B21AD2D3800B241F0 /* EduCalTests.swift */; };
		A269575721AD2D3800B241F0 /* EduCalUITests.swift in Sources */ = {isa = PBXBuildFile; fileRef = A269575621AD2D3800B241F0 /* EduCalUITests.swift */; };
		A269576521AD2E1F00B241F0 /* GoogleService-Info.plist in Resources */ = {isa = PBXBuildFile; fileRef = A269576421AD2E1F00B241F0 /* GoogleService-Info.plist */; };
/* End PBXBuildFile section */

/* Begin PBXContainerItemProxy section */
		A269574821AD2D3800B241F0 /* PBXContainerItemProxy */ = {
			isa = PBXContainerItemProxy;
			containerPortal = A269572B21AD2D3700B241F0 /* Project object */;
			proxyType = 1;
			remoteGlobalIDString = A269573221AD2D3700B241F0;
			remoteInfo = EduCal;
		};
		A269575321AD2D3800B241F0 /* PBXContainerItemProxy */ = {
			isa = PBXContainerItemProxy;
			containerPortal = A269572B21AD2D3700B241F0 /* Project object */;
			proxyType = 1;
			remoteGlobalIDString = A269573221AD2D3700B241F0;
			remoteInfo = EduCal;
		};
/* End PBXContainerItemProxy section */

/* Begin PBXFileReference section */
		08113F00361A1C105F4C13B1 /* Pods_EduCalUITests.framework */ = {isa = PBXFileReference; explicitFileType = wrapper.framework; includeInIndex = 0; path = Pods_EduCalUITests.framework; sourceTree = BUILT_PRODUCTS_DIR; };
		4E6DBCE00E832347B518F9C4 /* Pods-EduCalUITests.release.xcconfig */ = {isa = PBXFileReference; includeInIndex = 1; lastKnownFileType = text.xcconfig; name = "Pods-EduCalUITests.release.xcconfig"; path = "Pods/Target Support Files/Pods-EduCalUITests/Pods-EduCalUITests.release.xcconfig"; sourceTree = "<group>"; };
		6BA6469EDFAAD3D21D0D40B2 /* Pods-EduCalTests.release.xcconfig */ = {isa = PBXFileReference; includeInIndex = 1; lastKnownFileType = text.xcconfig; name = "Pods-EduCalTests.release.xcconfig"; path = "Pods/Target Support Files/Pods-EduCalTests/Pods-EduCalTests.release.xcconfig"; sourceTree = "<group>"; };
		6E28CC73208EA3CCB84CB18C /* Pods-EduCalUITests.debug.xcconfig */ = {isa = PBXFileReference; includeInIndex = 1; lastKnownFileType = text.xcconfig; name = "Pods-EduCalUITests.debug.xcconfig"; path = "Pods/Target Support Files/Pods-EduCalUITests/Pods-EduCalUITests.debug.xcconfig"; sourceTree = "<group>"; };
		831D32BC13D8736AD8728CB1 /* Pods-EduCalTests.debug.xcconfig */ = {isa = PBXFileReference; includeInIndex = 1; lastKnownFileType = text.xcconfig; name = "Pods-EduCalTests.debug.xcconfig"; path = "Pods/Target Support Files/Pods-EduCalTests/Pods-EduCalTests.debug.xcconfig"; sourceTree = "<group>"; };
		A21E8F0221AD312C000E5535 /* LoginViewController.swift */ = {isa = PBXFileReference; lastKnownFileType = sourcecode.swift; path = LoginViewController.swift; sourceTree = "<group>"; };
		A21E8F0421AD3143000E5535 /* SignUpViewController.swift */ = {isa = PBXFileReference; lastKnownFileType = sourcecode.swift; path = SignUpViewController.swift; sourceTree = "<group>"; };
		A21E8F0621AD4253000E5535 /* HelpViewController.swift */ = {isa = PBXFileReference; lastKnownFileType = sourcecode.swift; path = HelpViewController.swift; sourceTree = "<group>"; };
		A21E8F0821AD7B30000E5535 /* UserProfile.swift */ = {isa = PBXFileReference; lastKnownFileType = sourcecode.swift; path = UserProfile.swift; sourceTree = "<group>"; };
		A269573321AD2D3700B241F0 /* EduCal.app */ = {isa = PBXFileReference; explicitFileType = wrapper.application; includeInIndex = 0; path = EduCal.app; sourceTree = BUILT_PRODUCTS_DIR; };
		A269573621AD2D3700B241F0 /* AppDelegate.swift */ = {isa = PBXFileReference; lastKnownFileType = sourcecode.swift; path = AppDelegate.swift; sourceTree = "<group>"; };
		A269573B21AD2D3700B241F0 /* Base */ = {isa = PBXFileReference; lastKnownFileType = file.storyboard; name = Base; path = Base.lproj/Main.storyboard; sourceTree = "<group>"; };
		A269573D21AD2D3800B241F0 /* Assets.xcassets */ = {isa = PBXFileReference; lastKnownFileType = folder.assetcatalog; path = Assets.xcassets; sourceTree = "<group>"; };
		A269574021AD2D3800B241F0 /* Base */ = {isa = PBXFileReference; lastKnownFileType = file.storyboard; name = Base; path = Base.lproj/LaunchScreen.storyboard; sourceTree = "<group>"; };
		A269574221AD2D3800B241F0 /* Info.plist */ = {isa = PBXFileReference; lastKnownFileType = text.plist.xml; path = Info.plist; sourceTree = "<group>"; };
		A269574721AD2D3800B241F0 /* EduCalTests.xctest */ = {isa = PBXFileReference; explicitFileType = wrapper.cfbundle; includeInIndex = 0; path = EduCalTests.xctest; sourceTree = BUILT_PRODUCTS_DIR; };
		A269574B21AD2D3800B241F0 /* EduCalTests.swift */ = {isa = PBXFileReference; lastKnownFileType = sourcecode.swift; path = EduCalTests.swift; sourceTree = "<group>"; };
		A269574D21AD2D3800B241F0 /* Info.plist */ = {isa = PBXFileReference; lastKnownFileType = text.plist.xml; path = Info.plist; sourceTree = "<group>"; };
		A269575221AD2D3800B241F0 /* EduCalUITests.xctest */ = {isa = PBXFileReference; explicitFileType = wrapper.cfbundle; includeInIndex = 0; path = EduCalUITests.xctest; sourceTree = BUILT_PRODUCTS_DIR; };
		A269575621AD2D3800B241F0 /* EduCalUITests.swift */ = {isa = PBXFileReference; lastKnownFileType = sourcecode.swift; path = EduCalUITests.swift; sourceTree = "<group>"; };
		A269575821AD2D3800B241F0 /* Info.plist */ = {isa = PBXFileReference; lastKnownFileType = text.plist.xml; path = Info.plist; sourceTree = "<group>"; };
		A269576421AD2E1F00B241F0 /* GoogleService-Info.plist */ = {isa = PBXFileReference; fileEncoding = 4; lastKnownFileType = text.plist.xml; name = "GoogleService-Info.plist"; path = "../../../../Documents/GoogleService-Info.plist"; sourceTree = "<group>"; };
		D1B6C2C32373057E09618A29 /* Pods_EduCal.framework */ = {isa = PBXFileReference; explicitFileType = wrapper.framework; includeInIndex = 0; path = Pods_EduCal.framework; sourceTree = BUILT_PRODUCTS_DIR; };
		DD445E30240B21DD3384E172 /* Pods-EduCal.release.xcconfig */ = {isa = PBXFileReference; includeInIndex = 1; lastKnownFileType = text.xcconfig; name = "Pods-EduCal.release.xcconfig"; path = "Pods/Target Support Files/Pods-EduCal/Pods-EduCal.release.xcconfig"; sourceTree = "<group>"; };
		E7B5FEE9C47C1CC9C0BB2CF1 /* Pods-EduCal.debug.xcconfig */ = {isa = PBXFileReference; includeInIndex = 1; lastKnownFileType = text.xcconfig; name = "Pods-EduCal.debug.xcconfig"; path = "Pods/Target Support Files/Pods-EduCal/Pods-EduCal.debug.xcconfig"; sourceTree = "<group>"; };
		F875453CCBD89A553EBED587 /* Pods_EduCalTests.framework */ = {isa = PBXFileReference; explicitFileType = wrapper.framework; includeInIndex = 0; path = Pods_EduCalTests.framework; sourceTree = BUILT_PRODUCTS_DIR; };
/* End PBXFileReference section */

/* Begin PBXFrameworksBuildPhase section */
		A269573021AD2D3700B241F0 /* Frameworks */ = {
			isa = PBXFrameworksBuildPhase;
			buildActionMask = 2147483647;
			files = (
				3C831EE204C627D098A59C27 /* Pods_EduCal.framework in Frameworks */,
			);
			runOnlyForDeploymentPostprocessing = 0;
		};
		A269574421AD2D3800B241F0 /* Frameworks */ = {
			isa = PBXFrameworksBuildPhase;
			buildActionMask = 2147483647;
			files = (
				4A40C61D67BE7E4A37FDA256 /* Pods_EduCalTests.framework in Frameworks */,
			);
			runOnlyForDeploymentPostprocessing = 0;
		};
		A269574F21AD2D3800B241F0 /* Frameworks */ = {
			isa = PBXFrameworksBuildPhase;
			buildActionMask = 2147483647;
			files = (
				1252F865859185F4F388DD28 /* Pods_EduCalUITests.framework in Frameworks */,
			);
			runOnlyForDeploymentPostprocessing = 0;
		};
/* End PBXFrameworksBuildPhase section */

/* Begin PBXGroup section */
		0D9916D9ECA428539C04168D /* Frameworks */ = {
			isa = PBXGroup;
			children = (
				D1B6C2C32373057E09618A29 /* Pods_EduCal.framework */,
				F875453CCBD89A553EBED587 /* Pods_EduCalTests.framework */,
				08113F00361A1C105F4C13B1 /* Pods_EduCalUITests.framework */,
			);
			name = Frameworks;
			sourceTree = "<group>";
		};
		5046CD8FD97AE09561594BF1 /* Pods */ = {
			isa = PBXGroup;
			children = (
				E7B5FEE9C47C1CC9C0BB2CF1 /* Pods-EduCal.debug.xcconfig */,
				DD445E30240B21DD3384E172 /* Pods-EduCal.release.xcconfig */,
				831D32BC13D8736AD8728CB1 /* Pods-EduCalTests.debug.xcconfig */,
				6BA6469EDFAAD3D21D0D40B2 /* Pods-EduCalTests.release.xcconfig */,
				6E28CC73208EA3CCB84CB18C /* Pods-EduCalUITests.debug.xcconfig */,
				4E6DBCE00E832347B518F9C4 /* Pods-EduCalUITests.release.xcconfig */,
			);
			name = Pods;
			sourceTree = "<group>";
		};
		A269572A21AD2D3700B241F0 = {
			isa = PBXGroup;
			children = (
				A269573521AD2D3700B241F0 /* EduCal */,
				A269574A21AD2D3800B241F0 /* EduCalTests */,
				A269575521AD2D3800B241F0 /* EduCalUITests */,
				A269573421AD2D3700B241F0 /* Products */,
				5046CD8FD97AE09561594BF1 /* Pods */,
				0D9916D9ECA428539C04168D /* Frameworks */,
			);
			sourceTree = "<group>";
		};
		A269573421AD2D3700B241F0 /* Products */ = {
			isa = PBXGroup;
			children = (
				A269573321AD2D3700B241F0 /* EduCal.app */,
				A269574721AD2D3800B241F0 /* EduCalTests.xctest */,
				A269575221AD2D3800B241F0 /* EduCalUITests.xctest */,
			);
			name = Products;
			sourceTree = "<group>";
		};
		A269573521AD2D3700B241F0 /* EduCal */ = {
			isa = PBXGroup;
			children = (
				A269576421AD2E1F00B241F0 /* GoogleService-Info.plist */,
				A269573621AD2D3700B241F0 /* AppDelegate.swift */,
				A269573A21AD2D3700B241F0 /* Main.storyboard */,
				A269573D21AD2D3800B241F0 /* Assets.xcassets */,
				A269573F21AD2D3800B241F0 /* LaunchScreen.storyboard */,
				A269574221AD2D3800B241F0 /* Info.plist */,
				A21E8F0221AD312C000E5535 /* LoginViewController.swift */,
				A21E8F0421AD3143000E5535 /* SignUpViewController.swift */,
				A21E8F0621AD4253000E5535 /* HelpViewController.swift */,
				A21E8F0821AD7B30000E5535 /* UserProfile.swift */,
			);
			path = EduCal;
			sourceTree = "<group>";
		};
		A269574A21AD2D3800B241F0 /* EduCalTests */ = {
			isa = PBXGroup;
			children = (
				A269574B21AD2D3800B241F0 /* EduCalTests.swift */,
				A269574D21AD2D3800B241F0 /* Info.plist */,
			);
			path = EduCalTests;
			sourceTree = "<group>";
		};
		A269575521AD2D3800B241F0 /* EduCalUITests */ = {
			isa = PBXGroup;
			children = (
				A269575621AD2D3800B241F0 /* EduCalUITests.swift */,
				A269575821AD2D3800B241F0 /* Info.plist */,
			);
			path = EduCalUITests;
			sourceTree = "<group>";
		};
/* End PBXGroup section */

/* Begin PBXNativeTarget section */
		A269573221AD2D3700B241F0 /* EduCal */ = {
			isa = PBXNativeTarget;
			buildConfigurationList = A269575B21AD2D3800B241F0 /* Build configuration list for PBXNativeTarget "EduCal" */;
			buildPhases = (
				039E01D38C91A60DE4BE6802 /* [CP] Check Pods Manifest.lock */,
				A269572F21AD2D3700B241F0 /* Sources */,
				A269573021AD2D3700B241F0 /* Frameworks */,
				A269573121AD2D3700B241F0 /* Resources */,
				4FD95B647ADA15161F34DABC /* [CP] Embed Pods Frameworks */,
			);
			buildRules = (
			);
			dependencies = (
			);
			name = EduCal;
			productName = EduCal;
			productReference = A269573321AD2D3700B241F0 /* EduCal.app */;
			productType = "com.apple.product-type.application";
		};
		A269574621AD2D3800B241F0 /* EduCalTests */ = {
			isa = PBXNativeTarget;
			buildConfigurationList = A269575E21AD2D3800B241F0 /* Build configuration list for PBXNativeTarget "EduCalTests" */;
			buildPhases = (
				54FBDC11F3C663F409B8C11F /* [CP] Check Pods Manifest.lock */,
				A269574321AD2D3800B241F0 /* Sources */,
				A269574421AD2D3800B241F0 /* Frameworks */,
				A269574521AD2D3800B241F0 /* Resources */,
			);
			buildRules = (
			);
			dependencies = (
				A269574921AD2D3800B241F0 /* PBXTargetDependency */,
			);
			name = EduCalTests;
			productName = EduCalTests;
			productReference = A269574721AD2D3800B241F0 /* EduCalTests.xctest */;
			productType = "com.apple.product-type.bundle.unit-test";
		};
		A269575121AD2D3800B241F0 /* EduCalUITests */ = {
			isa = PBXNativeTarget;
			buildConfigurationList = A269576121AD2D3800B241F0 /* Build configuration list for PBXNativeTarget "EduCalUITests" */;
			buildPhases = (
				4CC7F751F23030C4B255A088 /* [CP] Check Pods Manifest.lock */,
				A269574E21AD2D3800B241F0 /* Sources */,
				A269574F21AD2D3800B241F0 /* Frameworks */,
				A269575021AD2D3800B241F0 /* Resources */,
			);
			buildRules = (
			);
			dependencies = (
				A269575421AD2D3800B241F0 /* PBXTargetDependency */,
			);
			name = EduCalUITests;
			productName = EduCalUITests;
			productReference = A269575221AD2D3800B241F0 /* EduCalUITests.xctest */;
			productType = "com.apple.product-type.bundle.ui-testing";
		};
/* End PBXNativeTarget section */

/* Begin PBXProject section */
		A269572B21AD2D3700B241F0 /* Project object */ = {
			isa = PBXProject;
			attributes = {
				LastSwiftUpdateCheck = 1010;
				LastUpgradeCheck = 1010;
				ORGANIZATIONNAME = "Sayan Chatterjee";
				TargetAttributes = {
					A269573221AD2D3700B241F0 = {
						CreatedOnToolsVersion = 10.1;
					};
					A269574621AD2D3800B241F0 = {
						CreatedOnToolsVersion = 10.1;
						TestTargetID = A269573221AD2D3700B241F0;
					};
					A269575121AD2D3800B241F0 = {
						CreatedOnToolsVersion = 10.1;
						TestTargetID = A269573221AD2D3700B241F0;
					};
				};
			};
			buildConfigurationList = A269572E21AD2D3700B241F0 /* Build configuration list for PBXProject "EduCal" */;
			compatibilityVersion = "Xcode 9.3";
			developmentRegion = en;
			hasScannedForEncodings = 0;
			knownRegions = (
				en,
				Base,
			);
			mainGroup = A269572A21AD2D3700B241F0;
			productRefGroup = A269573421AD2D3700B241F0 /* Products */;
			projectDirPath = "";
			projectRoot = "";
			targets = (
				A269573221AD2D3700B241F0 /* EduCal */,
				A269574621AD2D3800B241F0 /* EduCalTests */,
				A269575121AD2D3800B241F0 /* EduCalUITests */,
			);
		};
/* End PBXProject section */

/* Begin PBXResourcesBuildPhase section */
		A269573121AD2D3700B241F0 /* Resources */ = {
			isa = PBXResourcesBuildPhase;
			buildActionMask = 2147483647;
			files = (
				A269574121AD2D3800B241F0 /* LaunchScreen.storyboard in Resources */,
				A269576521AD2E1F00B241F0 /* GoogleService-Info.plist in Resources */,
				A269573E21AD2D3800B241F0 /* Assets.xcassets in Resources */,
				A269573C21AD2D3700B241F0 /* Main.storyboard in Resources */,
			);
			runOnlyForDeploymentPostprocessing = 0;
		};
		A269574521AD2D3800B241F0 /* Resources */ = {
			isa = PBXResourcesBuildPhase;
			buildActionMask = 2147483647;
			files = (
			);
			runOnlyForDeploymentPostprocessing = 0;
		};
		A269575021AD2D3800B241F0 /* Resources */ = {
			isa = PBXResourcesBuildPhase;
			buildActionMask = 2147483647;
			files = (
			);
			runOnlyForDeploymentPostprocessing = 0;
		};
/* End PBXResourcesBuildPhase section */

/* Begin PBXShellScriptBuildPhase section */
		039E01D38C91A60DE4BE6802 /* [CP] Check Pods Manifest.lock */ = {
			isa = PBXShellScriptBuildPhase;
			buildActionMask = 2147483647;
			files = (
			);
			inputFileListPaths = (
			);
			inputPaths = (
				"${PODS_PODFILE_DIR_PATH}/Podfile.lock",
				"${PODS_ROOT}/Manifest.lock",
			);
			name = "[CP] Check Pods Manifest.lock";
			outputFileListPaths = (
			);
			outputPaths = (
				"$(DERIVED_FILE_DIR)/Pods-EduCal-checkManifestLockResult.txt",
			);
			runOnlyForDeploymentPostprocessing = 0;
			shellPath = /bin/sh;
			shellScript = "diff \"${PODS_PODFILE_DIR_PATH}/Podfile.lock\" \"${PODS_ROOT}/Manifest.lock\" > /dev/null\nif [ $? != 0 ] ; then\n    # print error to STDERR\n    echo \"error: The sandbox is not in sync with the Podfile.lock. Run 'pod install' or update your CocoaPods installation.\" >&2\n    exit 1\nfi\n# This output is used by Xcode 'outputs' to avoid re-running this script phase.\necho \"SUCCESS\" > \"${SCRIPT_OUTPUT_FILE_0}\"\n";
			showEnvVarsInLog = 0;
		};
		4CC7F751F23030C4B255A088 /* [CP] Check Pods Manifest.lock */ = {
			isa = PBXShellScriptBuildPhase;
			buildActionMask = 2147483647;
			files = (
			);
			inputFileListPaths = (
			);
			inputPaths = (
				"${PODS_PODFILE_DIR_PATH}/Podfile.lock",
				"${PODS_ROOT}/Manifest.lock",
			);
			name = "[CP] Check Pods Manifest.lock";
			outputFileListPaths = (
			);
			outputPaths = (
				"$(DERIVED_FILE_DIR)/Pods-EduCalUITests-checkManifestLockResult.txt",
			);
			runOnlyForDeploymentPostprocessing = 0;
			shellPath = /bin/sh;
			shellScript = "diff \"${PODS_PODFILE_DIR_PATH}/Podfile.lock\" \"${PODS_ROOT}/Manifest.lock\" > /dev/null\nif [ $? != 0 ] ; then\n    # print error to STDERR\n    echo \"error: The sandbox is not in sync with the Podfile.lock. Run 'pod install' or update your CocoaPods installation.\" >&2\n    exit 1\nfi\n# This output is used by Xcode 'outputs' to avoid re-running this script phase.\necho \"SUCCESS\" > \"${SCRIPT_OUTPUT_FILE_0}\"\n";
			showEnvVarsInLog = 0;
		};
		4FD95B647ADA15161F34DABC /* [CP] Embed Pods Frameworks */ = {
			isa = PBXShellScriptBuildPhase;
			buildActionMask = 2147483647;
			files = (
			);
			inputFileListPaths = (
			);
			inputPaths = (
				"${SRCROOT}/Pods/Target Support Files/Pods-EduCal/Pods-EduCal-frameworks.sh",
				"${BUILT_PRODUCTS_DIR}/GTMSessionFetcher/GTMSessionFetcher.framework",
				"${BUILT_PRODUCTS_DIR}/GoogleUtilities/GoogleUtilities.framework",
				"${BUILT_PRODUCTS_DIR}/MBProgressHUD/MBProgressHUD.framework",
				"${BUILT_PRODUCTS_DIR}/SDWebImage/SDWebImage.framework",
				"${BUILT_PRODUCTS_DIR}/leveldb-library/leveldb.framework",
				"${BUILT_PRODUCTS_DIR}/nanopb/nanopb.framework",
			);
			name = "[CP] Embed Pods Frameworks";
			outputFileListPaths = (
			);
			outputPaths = (
				"${TARGET_BUILD_DIR}/${FRAMEWORKS_FOLDER_PATH}/GTMSessionFetcher.framework",
				"${TARGET_BUILD_DIR}/${FRAMEWORKS_FOLDER_PATH}/GoogleUtilities.framework",
				"${TARGET_BUILD_DIR}/${FRAMEWORKS_FOLDER_PATH}/MBProgressHUD.framework",
				"${TARGET_BUILD_DIR}/${FRAMEWORKS_FOLDER_PATH}/SDWebImage.framework",
				"${TARGET_BUILD_DIR}/${FRAMEWORKS_FOLDER_PATH}/leveldb.framework",
				"${TARGET_BUILD_DIR}/${FRAMEWORKS_FOLDER_PATH}/nanopb.framework",
			);
			runOnlyForDeploymentPostprocessing = 0;
			shellPath = /bin/sh;
			shellScript = "\"${SRCROOT}/Pods/Target Support Files/Pods-EduCal/Pods-EduCal-frameworks.sh\"\n";
			showEnvVarsInLog = 0;
		};
		54FBDC11F3C663F409B8C11F /* [CP] Check Pods Manifest.lock */ = {
			isa = PBXShellScriptBuildPhase;
			buildActionMask = 2147483647;
			files = (
			);
			inputFileListPaths = (
			);
			inputPaths = (
				"${PODS_PODFILE_DIR_PATH}/Podfile.lock",
				"${PODS_ROOT}/Manifest.lock",
			);
			name = "[CP] Check Pods Manifest.lock";
			outputFileListPaths = (
			);
			outputPaths = (
				"$(DERIVED_FILE_DIR)/Pods-EduCalTests-checkManifestLockResult.txt",
			);
			runOnlyForDeploymentPostprocessing = 0;
			shellPath = /bin/sh;
			shellScript = "diff \"${PODS_PODFILE_DIR_PATH}/Podfile.lock\" \"${PODS_ROOT}/Manifest.lock\" > /dev/null\nif [ $? != 0 ] ; then\n    # print error to STDERR\n    echo \"error: The sandbox is not in sync with the Podfile.lock. Run 'pod install' or update your CocoaPods installation.\" >&2\n    exit 1\nfi\n# This output is used by Xcode 'outputs' to avoid re-running this script phase.\necho \"SUCCESS\" > \"${SCRIPT_OUTPUT_FILE_0}\"\n";
			showEnvVarsInLog = 0;
		};
/* End PBXShellScriptBuildPhase section */

/* Begin PBXSourcesBuildPhase section */
		A269572F21AD2D3700B241F0 /* Sources */ = {
			isa = PBXSourcesBuildPhase;
			buildActionMask = 2147483647;
			files = (
				A21E8F0321AD312C000E5535 /* LoginViewController.swift in Sources */,
				A21E8F0521AD3143000E5535 /* SignUpViewController.swift in Sources */,
				A21E8F0921AD7B30000E5535 /* UserProfile.swift in Sources */,
				A269573721AD2D3700B241F0 /* AppDelegate.swift in Sources */,
				A21E8F0721AD4253000E5535 /* HelpViewController.swift in Sources */,
			);
			runOnlyForDeploymentPostprocessing = 0;
		};
		A269574321AD2D3800B241F0 /* Sources */ = {
			isa = PBXSourcesBuildPhase;
			buildActionMask = 2147483647;
			files = (
				A269574C21AD2D3800B241F0 /* EduCalTests.swift in Sources */,
			);
			runOnlyForDeploymentPostprocessing = 0;
		};
		A269574E21AD2D3800B241F0 /* Sources */ = {
			isa = PBXSourcesBuildPhase;
			buildActionMask = 2147483647;
			files = (
				A269575721AD2D3800B241F0 /* EduCalUITests.swift in Sources */,
			);
			runOnlyForDeploymentPostprocessing = 0;
		};
/* End PBXSourcesBuildPhase section */

/* Begin PBXTargetDependency section */
		A269574921AD2D3800B241F0 /* PBXTargetDependency */ = {
			isa = PBXTargetDependency;
			target = A269573221AD2D3700B241F0 /* EduCal */;
			targetProxy = A269574821AD2D3800B241F0 /* PBXContainerItemProxy */;
		};
		A269575421AD2D3800B241F0 /* PBXTargetDependency */ = {
			isa = PBXTargetDependency;
			target = A269573221AD2D3700B241F0 /* EduCal */;
			targetProxy = A269575321AD2D3800B241F0 /* PBXContainerItemProxy */;
		};
/* End PBXTargetDependency section */

/* Begin PBXVariantGroup section */
		A269573A21AD2D3700B241F0 /* Main.storyboard */ = {
			isa = PBXVariantGroup;
			children = (
				A269573B21AD2D3700B241F0 /* Base */,
			);
			name = Main.storyboard;
			sourceTree = "<group>";
		};
		A269573F21AD2D3800B241F0 /* LaunchScreen.storyboard */ = {
			isa = PBXVariantGroup;
			children = (
				A269574021AD2D3800B241F0 /* Base */,
			);
			name = LaunchScreen.storyboard;
			sourceTree = "<group>";
		};
/* End PBXVariantGroup section */

/* Begin XCBuildConfiguration section */
		A269575921AD2D3800B241F0 /* Debug */ = {
			isa = XCBuildConfiguration;
			buildSettings = {
				ALWAYS_SEARCH_USER_PATHS = NO;
				CLANG_ANALYZER_NONNULL = YES;
				CLANG_ANALYZER_NUMBER_OBJECT_CONVERSION = YES_AGGRESSIVE;
				CLANG_CXX_LANGUAGE_STANDARD = "gnu++14";
				CLANG_CXX_LIBRARY = "libc++";
				CLANG_ENABLE_MODULES = YES;
				CLANG_ENABLE_OBJC_ARC = YES;
				CLANG_ENABLE_OBJC_WEAK = YES;
				CLANG_WARN_BLOCK_CAPTURE_AUTORELEASING = YES;
				CLANG_WARN_BOOL_CONVERSION = YES;
				CLANG_WARN_COMMA = YES;
				CLANG_WARN_CONSTANT_CONVERSION = YES;
				CLANG_WARN_DEPRECATED_OBJC_IMPLEMENTATIONS = YES;
				CLANG_WARN_DIRECT_OBJC_ISA_USAGE = YES_ERROR;
				CLANG_WARN_DOCUMENTATION_COMMENTS = YES;
				CLANG_WARN_EMPTY_BODY = YES;
				CLANG_WARN_ENUM_CONVERSION = YES;
				CLANG_WARN_INFINITE_RECURSION = YES;
				CLANG_WARN_INT_CONVERSION = YES;
				CLANG_WARN_NON_LITERAL_NULL_CONVERSION = YES;
				CLANG_WARN_OBJC_IMPLICIT_RETAIN_SELF = YES;
				CLANG_WARN_OBJC_LITERAL_CONVERSION = YES;
				CLANG_WARN_OBJC_ROOT_CLASS = YES_ERROR;
				CLANG_WARN_RANGE_LOOP_ANALYSIS = YES;
				CLANG_WARN_STRICT_PROTOTYPES = YES;
				CLANG_WARN_SUSPICIOUS_MOVE = YES;
				CLANG_WARN_UNGUARDED_AVAILABILITY = YES_AGGRESSIVE;
				CLANG_WARN_UNREACHABLE_CODE = YES;
				CLANG_WARN__DUPLICATE_METHOD_MATCH = YES;
				CODE_SIGN_IDENTITY = "iPhone Developer";
				COPY_PHASE_STRIP = NO;
				DEBUG_INFORMATION_FORMAT = dwarf;
				ENABLE_STRICT_OBJC_MSGSEND = YES;
				ENABLE_TESTABILITY = YES;
				GCC_C_LANGUAGE_STANDARD = gnu11;
				GCC_DYNAMIC_NO_PIC = NO;
				GCC_NO_COMMON_BLOCKS = YES;
				GCC_OPTIMIZATION_LEVEL = 0;
				GCC_PREPROCESSOR_DEFINITIONS = (
					"DEBUG=1",
					"$(inherited)",
				);
				GCC_WARN_64_TO_32_BIT_CONVERSION = YES;
				GCC_WARN_ABOUT_RETURN_TYPE = YES_ERROR;
				GCC_WARN_UNDECLARED_SELECTOR = YES;
				GCC_WARN_UNINITIALIZED_AUTOS = YES_AGGRESSIVE;
				GCC_WARN_UNUSED_FUNCTION = YES;
				GCC_WARN_UNUSED_VARIABLE = YES;
				IPHONEOS_DEPLOYMENT_TARGET = 12.1;
				MTL_ENABLE_DEBUG_INFO = INCLUDE_SOURCE;
				MTL_FAST_MATH = YES;
				ONLY_ACTIVE_ARCH = YES;
				SDKROOT = iphoneos;
				SWIFT_ACTIVE_COMPILATION_CONDITIONS = DEBUG;
				SWIFT_OPTIMIZATION_LEVEL = "-Onone";
			};
			name = Debug;
		};
		A269575A21AD2D3800B241F0 /* Release */ = {
			isa = XCBuildConfiguration;
			buildSettings = {
				ALWAYS_SEARCH_USER_PATHS = NO;
				CLANG_ANALYZER_NONNULL = YES;
				CLANG_ANALYZER_NUMBER_OBJECT_CONVERSION = YES_AGGRESSIVE;
				CLANG_CXX_LANGUAGE_STANDARD = "gnu++14";
				CLANG_CXX_LIBRARY = "libc++";
				CLANG_ENABLE_MODULES = YES;
				CLANG_ENABLE_OBJC_ARC = YES;
				CLANG_ENABLE_OBJC_WEAK = YES;
				CLANG_WARN_BLOCK_CAPTURE_AUTORELEASING = YES;
				CLANG_WARN_BOOL_CONVERSION = YES;
				CLANG_WARN_COMMA = YES;
				CLANG_WARN_CONSTANT_CONVERSION = YES;
				CLANG_WARN_DEPRECATED_OBJC_IMPLEMENTATIONS = YES;
				CLANG_WARN_DIRECT_OBJC_ISA_USAGE = YES_ERROR;
				CLANG_WARN_DOCUMENTATION_COMMENTS = YES;
				CLANG_WARN_EMPTY_BODY = YES;
				CLANG_WARN_ENUM_CONVERSION = YES;
				CLANG_WARN_INFINITE_RECURSION = YES;
				CLANG_WARN_INT_CONVERSION = YES;
				CLANG_WARN_NON_LITERAL_NULL_CONVERSION = YES;
				CLANG_WARN_OBJC_IMPLICIT_RETAIN_SELF = YES;
				CLANG_WARN_OBJC_LITERAL_CONVERSION = YES;
				CLANG_WARN_OBJC_ROOT_CLASS = YES_ERROR;
				CLANG_WARN_RANGE_LOOP_ANALYSIS = YES;
				CLANG_WARN_STRICT_PROTOTYPES = YES;
				CLANG_WARN_SUSPICIOUS_MOVE = YES;
				CLANG_WARN_UNGUARDED_AVAILABILITY = YES_AGGRESSIVE;
				CLANG_WARN_UNREACHABLE_CODE = YES;
				CLANG_WARN__DUPLICATE_METHOD_MATCH = YES;
				CODE_SIGN_IDENTITY = "iPhone Developer";
				COPY_PHASE_STRIP = NO;
				DEBUG_INFORMATION_FORMAT = "dwarf-with-dsym";
				ENABLE_NS_ASSERTIONS = NO;
				ENABLE_STRICT_OBJC_MSGSEND = YES;
				GCC_C_LANGUAGE_STANDARD = gnu11;
				GCC_NO_COMMON_BLOCKS = YES;
				GCC_WARN_64_TO_32_BIT_CONVERSION = YES;
				GCC_WARN_ABOUT_RETURN_TYPE = YES_ERROR;
				GCC_WARN_UNDECLARED_SELECTOR = YES;
				GCC_WARN_UNINITIALIZED_AUTOS = YES_AGGRESSIVE;
				GCC_WARN_UNUSED_FUNCTION = YES;
				GCC_WARN_UNUSED_VARIABLE = YES;
				IPHONEOS_DEPLOYMENT_TARGET = 12.1;
				MTL_ENABLE_DEBUG_INFO = NO;
				MTL_FAST_MATH = YES;
				SDKROOT = iphoneos;
				SWIFT_COMPILATION_MODE = wholemodule;
				SWIFT_OPTIMIZATION_LEVEL = "-O";
				VALIDATE_PRODUCT = YES;
			};
			name = Release;
		};
		A269575C21AD2D3800B241F0 /* Debug */ = {
			isa = XCBuildConfiguration;
			baseConfigurationReference = E7B5FEE9C47C1CC9C0BB2CF1 /* Pods-EduCal.debug.xcconfig */;
			buildSettings = {
				ASSETCATALOG_COMPILER_APPICON_NAME = AppIcon;
				CODE_SIGN_STYLE = Automatic;
				INFOPLIST_FILE = EduCal/Info.plist;
				LD_RUNPATH_SEARCH_PATHS = (
					"$(inherited)",
					"@executable_path/Frameworks",
				);
				PRODUCT_BUNDLE_IDENTIFIER = iosDeCal.EduCal;
				PRODUCT_NAME = "$(TARGET_NAME)";
				SWIFT_VERSION = 4.2;
				TARGETED_DEVICE_FAMILY = "1,2";
			};
			name = Debug;
		};
		A269575D21AD2D3800B241F0 /* Release */ = {
			isa = XCBuildConfiguration;
			baseConfigurationReference = DD445E30240B21DD3384E172 /* Pods-EduCal.release.xcconfig */;
			buildSettings = {
				ASSETCATALOG_COMPILER_APPICON_NAME = AppIcon;
				CODE_SIGN_STYLE = Automatic;
				INFOPLIST_FILE = EduCal/Info.plist;
				LD_RUNPATH_SEARCH_PATHS = (
					"$(inherited)",
					"@executable_path/Frameworks",
				);
				PRODUCT_BUNDLE_IDENTIFIER = iosDeCal.EduCal;
				PRODUCT_NAME = "$(TARGET_NAME)";
				SWIFT_VERSION = 4.2;
				TARGETED_DEVICE_FAMILY = "1,2";
			};
			name = Release;
		};
		A269575F21AD2D3800B241F0 /* Debug */ = {
			isa = XCBuildConfiguration;
			baseConfigurationReference = 831D32BC13D8736AD8728CB1 /* Pods-EduCalTests.debug.xcconfig */;
			buildSettings = {
				ALWAYS_EMBED_SWIFT_STANDARD_LIBRARIES = YES;
				BUNDLE_LOADER = "$(TEST_HOST)";
				CODE_SIGN_STYLE = Automatic;
				INFOPLIST_FILE = EduCalTests/Info.plist;
				LD_RUNPATH_SEARCH_PATHS = (
					"$(inherited)",
					"@executable_path/Frameworks",
					"@loader_path/Frameworks",
				);
				PRODUCT_BUNDLE_IDENTIFIER = iosDeCal.EduCalTests;
				PRODUCT_NAME = "$(TARGET_NAME)";
				SWIFT_VERSION = 4.2;
				TARGETED_DEVICE_FAMILY = "1,2";
				TEST_HOST = "$(BUILT_PRODUCTS_DIR)/EduCal.app/EduCal";
			};
			name = Debug;
		};
		A269576021AD2D3800B241F0 /* Release */ = {
			isa = XCBuildConfiguration;
			baseConfigurationReference = 6BA6469EDFAAD3D21D0D40B2 /* Pods-EduCalTests.release.xcconfig */;
			buildSettings = {
				ALWAYS_EMBED_SWIFT_STANDARD_LIBRARIES = YES;
				BUNDLE_LOADER = "$(TEST_HOST)";
				CODE_SIGN_STYLE = Automatic;
				INFOPLIST_FILE = EduCalTests/Info.plist;
				LD_RUNPATH_SEARCH_PATHS = (
					"$(inherited)",
					"@executable_path/Frameworks",
					"@loader_path/Frameworks",
				);
				PRODUCT_BUNDLE_IDENTIFIER = iosDeCal.EduCalTests;
				PRODUCT_NAME = "$(TARGET_NAME)";
				SWIFT_VERSION = 4.2;
				TARGETED_DEVICE_FAMILY = "1,2";
				TEST_HOST = "$(BUILT_PRODUCTS_DIR)/EduCal.app/EduCal";
			};
			name = Release;
		};
		A269576221AD2D3800B241F0 /* Debug */ = {
			isa = XCBuildConfiguration;
			baseConfigurationReference = 6E28CC73208EA3CCB84CB18C /* Pods-EduCalUITests.debug.xcconfig */;
			buildSettings = {
				ALWAYS_EMBED_SWIFT_STANDARD_LIBRARIES = YES;
				CODE_SIGN_STYLE = Automatic;
				INFOPLIST_FILE = EduCalUITests/Info.plist;
				LD_RUNPATH_SEARCH_PATHS = (
					"$(inherited)",
					"@executable_path/Frameworks",
					"@loader_path/Frameworks",
				);
				PRODUCT_BUNDLE_IDENTIFIER = iosDeCal.EduCalUITests;
				PRODUCT_NAME = "$(TARGET_NAME)";
				SWIFT_VERSION = 4.2;
				TARGETED_DEVICE_FAMILY = "1,2";
				TEST_TARGET_NAME = EduCal;
			};
			name = Debug;
		};
		A269576321AD2D3800B241F0 /* Release */ = {
			isa = XCBuildConfiguration;
			baseConfigurationReference = 4E6DBCE00E832347B518F9C4 /* Pods-EduCalUITests.release.xcconfig */;
			buildSettings = {
				ALWAYS_EMBED_SWIFT_STANDARD_LIBRARIES = YES;
				CODE_SIGN_STYLE = Automatic;
				INFOPLIST_FILE = EduCalUITests/Info.plist;
				LD_RUNPATH_SEARCH_PATHS = (
					"$(inherited)",
					"@executable_path/Frameworks",
					"@loader_path/Frameworks",
				);
				PRODUCT_BUNDLE_IDENTIFIER = iosDeCal.EduCalUITests;
				PRODUCT_NAME = "$(TARGET_NAME)";
				SWIFT_VERSION = 4.2;
				TARGETED_DEVICE_FAMILY = "1,2";
				TEST_TARGET_NAME = EduCal;
			};
			name = Release;
		};
/* End XCBuildConfiguration section */

/* Begin XCConfigurationList section */
		A269572E21AD2D3700B241F0 /* Build configuration list for PBXProject "EduCal" */ = {
			isa = XCConfigurationList;
			buildConfigurations = (
				A269575921AD2D3800B241F0 /* Debug */,
				A269575A21AD2D3800B241F0 /* Release */,
			);
			defaultConfigurationIsVisible = 0;
			defaultConfigurationName = Release;
		};
		A269575B21AD2D3800B241F0 /* Build configuration list for PBXNativeTarget "EduCal" */ = {
			isa = XCConfigurationList;
			buildConfigurations = (
				A269575C21AD2D3800B241F0 /* Debug */,
				A269575D21AD2D3800B241F0 /* Release */,
			);
			defaultConfigurationIsVisible = 0;
			defaultConfigurationName = Release;
		};
		A269575E21AD2D3800B241F0 /* Build configuration list for PBXNativeTarget "EduCalTests" */ = {
			isa = XCConfigurationList;
			buildConfigurations = (
				A269575F21AD2D3800B241F0 /* Debug */,
				A269576021AD2D3800B241F0 /* Release */,
			);
			defaultConfigurationIsVisible = 0;
			defaultConfigurationName = Release;
		};
		A269576121AD2D3800B241F0 /* Build configuration list for PBXNativeTarget "EduCalUITests" */ = {
			isa = XCConfigurationList;
			buildConfigurations = (
				A269576221AD2D3800B241F0 /* Debug */,
				A269576321AD2D3800B241F0 /* Release */,
			);
			defaultConfigurationIsVisible = 0;
			defaultConfigurationName = Release;
		};
/* End XCConfigurationList section */
	};
	rootObject = A269572B21AD2D3700B241F0 /* Project object */;
}
